
Microsoft Visual Studio Solution File, Format Version 12.00
# Visual Studio Version 16
VisualStudioVersion = 16.0.30204.135
MinimumVisualStudioVersion = 10.0.40219.1
Project("{8BC9CEB8-8B4A-11D0-8D11-00A0C91BC942}") = "gameSetup", "gameSetup\gameSetup.vcxproj", "{5580DC28-3E24-4DCD-918E-8C747CEFA421}"
EndProject
Project("{8BC9CEB8-8B4A-11D0-8D11-00A0C91BC942}") = "windowsPlatformLayer", "windowsPlatformLayer\windowsPlatformLayer.vcxproj", "{9BA5C066-DC30-4202-A363-2D3DF8324E37}"
	ProjectSection(ProjectDependencies) = postProject
		{5580DC28-3E24-4DCD-918E-8C747CEFA421} = {5580DC28-3E24-4DCD-918E-8C747CEFA421}
	EndProjectSection
EndProject
Global
	GlobalSection(SolutionConfigurationPlatforms) = preSolution
		Debug|x64 = Debug|x64
		Debug|x86 = Debug|x86
		Release|x64 = Release|x64
		Release|x86 = Release|x86
	EndGlobalSection
	GlobalSection(ProjectConfigurationPlatforms) = postSolution
		{5580DC28-3E24-4DCD-918E-8C747CEFA421}.Debug|x64.ActiveCfg = Debug|x64
		{5580DC28-3E24-4DCD-918E-8C747CEFA421}.Debug|x64.Build.0 = Debug|x64
		{5580DC28-3E24-4DCD-918E-8C747CEFA421}.Debug|x86.ActiveCfg = Debug|x64
		{5580DC28-3E24-4DCD-918E-8C747CEFA421}.Debug|x86.Build.0 = Debug|x64
		{5580DC28-3E24-4DCD-918E-8C747CEFA421}.Release|x64.ActiveCfg = Debug|x64
		{5580DC28-3E24-4DCD-918E-8C747CEFA421}.Release|x64.Build.0 = Debug|x64
		{5580DC28-3E24-4DCD-918E-8C747CEFA421}.Release|x86.ActiveCfg = Debug|x64
		{5580DC28-3E24-4DCD-918E-8C747CEFA421}.Release|x86.Build.0 = Debug|x64
		{9BA5C066-DC30-4202-A363-2D3DF8324E37}.Debug|x64.ActiveCfg = Debug|x64
		{9BA5C066-DC30-4202-A363-2D3DF8324E37}.Debug|x64.Build.0 = Debug|x64
		{9BA5C066-DC30-4202-A363-2D3DF8324E37}.Debug|x86.ActiveCfg = Debug|x64
		{9BA5C066-DC30-4202-A363-2D3DF8324E37}.Debug|x86.Build.0 = Debug|x64
		{9BA5C066-DC30-4202-A363-2D3DF8324E37}.Release|x64.ActiveCfg = Debug|x64
		{9BA5C066-DC30-4202-A363-2D3DF8324E37}.Release|x64.Build.0 = Debug|x64
		{9BA5C066-DC30-4202-A363-2D3DF8324E37}.Release|x86.ActiveCfg = Debug|x64
		{9BA5C066-DC30-4202-A363-2D3DF8324E37}.Release|x86.Build.0 = Debug|x64
	EndGlobalSection
	GlobalSection(SolutionProperties) = preSolution
		HideSolutionNode = FALSE
	EndGlobalSection
	GlobalSection(ExtensibilityGlobals) = postSolution
		SolutionGuid = {B4F30549-A250-4B72-9538-CAA545BE75EC}
	EndGlobalSection
EndGlobal
